
Microsoft Visual Studio Solution File, Format Version 12.00
# Visual Studio Version 16
VisualStudioVersion = 16.0.30413.136
MinimumVisualStudioVersion = 15.0.26124.0
Project("{9A19103F-16F7-4668-BE54-9A1E7A4F7556}") = "AsyncApp", "AsyncApp\AsyncApp.csproj", "{1AAEB0F5-32C4-43E2-92B5-823D69F2EED3}"
EndProject
Global
	GlobalSection(SolutionConfigurationPlatforms) = preSolution
		Debug|Any CPU = Debug|Any CPU
		Debug|x64 = Debug|x64
		Debug|x86 = Debug|x86
		Release|Any CPU = Release|Any CPU
		Release|x64 = Release|x64
		Release|x86 = Release|x86
	EndGlobalSection
	GlobalSection(ProjectConfigurationPlatforms) = postSolution
		{1AAEB0F5-32C4-43E2-92B5-823D69F2EED3}.Debug|Any CPU.ActiveCfg = Debug|Any CPU
		{1AAEB0F5-32C4-43E2-92B5-823D69F2EED3}.Debug|Any CPU.Build.0 = Debug|Any CPU
		{1AAEB0F5-32C4-43E2-92B5-823D69F2EED3}.Debug|x64.ActiveCfg = Debug|Any CPU
		{1AAEB0F5-32C4-43E2-92B5-823D69F2EED3}.Debug|x64.Build.0 = Debug|Any CPU
		{1AAEB0F5-32C4-43E2-92B5-823D69F2EED3}.Debug|x86.ActiveCfg = Debug|Any CPU
		{1AAEB0F5-32C4-43E2-92B5-823D69F2EED3}.Debug|x86.Build.0 = Debug|Any CPU
		{1AAEB0F5-32C4-43E2-92B5-823D69F2EED3}.Release|Any CPU.ActiveCfg = Release|Any CPU
		{1AAEB0F5-32C4-43E2-92B5-823D69F2EED3}.Release|Any CPU.Build.0 = Release|Any CPU
		{1AAEB0F5-32C4-43E2-92B5-823D69F2EED3}.Release|x64.ActiveCfg = Release|Any CPU
		{1AAEB0F5-32C4-43E2-92B5-823D69F2EED3}.Release|x64.Build.0 = Release|Any CPU
		{1AAEB0F5-32C4-43E2-92B5-823D69F2EED3}.Release|x86.ActiveCfg = Release|Any CPU
		{1AAEB0F5-32C4-43E2-92B5-823D69F2EED3}.Release|x86.Build.0 = Release|Any CPU
	EndGlobalSection
	GlobalSection(SolutionProperties) = preSolution
		HideSolutionNode = FALSE
	EndGlobalSection
	GlobalSection(ExtensibilityGlobals) = postSolution
		SolutionGuid = {5AE39472-1229-4FE4-99B1-F8093BFD052B}
	EndGlobalSection
EndGlobal
